// !$*UTF8*$!
{
	archiveVersion = 1;
	classes = {
	};
	objectVersion = 50;
	objects = {

/* Begin PBXBuildFile section */
		1D9CCC6E268F375C0034A4B2 /* AppDelegate.swift in Sources */ = {isa = PBXBuildFile; fileRef = 1D9CCC6D268F375C0034A4B2 /* AppDelegate.swift */; };
		1D9CCC70268F375C0034A4B2 /* ViewController.swift in Sources */ = {isa = PBXBuildFile; fileRef = 1D9CCC6F268F375C0034A4B2 /* ViewController.swift */; };
		1D9CCC73268F375C0034A4B2 /* Pomo.xcdatamodeld in Sources */ = {isa = PBXBuildFile; fileRef = 1D9CCC71268F375C0034A4B2 /* Pomo.xcdatamodeld */; };
		1D9CCC75268F375D0034A4B2 /* Assets.xcassets in Resources */ = {isa = PBXBuildFile; fileRef = 1D9CCC74268F375D0034A4B2 /* Assets.xcassets */; };
		1D9CCC78268F375D0034A4B2 /* Main.storyboard in Resources */ = {isa = PBXBuildFile; fileRef = 1D9CCC76268F375D0034A4B2 /* Main.storyboard */; };
		1D9CCC84268F375D0034A4B2 /* PomoTests.swift in Sources */ = {isa = PBXBuildFile; fileRef = 1D9CCC83268F375D0034A4B2 /* PomoTests.swift */; };
		1D9CCC8F268F375D0034A4B2 /* PomoUITests.swift in Sources */ = {isa = PBXBuildFile; fileRef = 1D9CCC8E268F375D0034A4B2 /* PomoUITests.swift */; };
/* End PBXBuildFile section */

/* Begin PBXContainerItemProxy section */
		1D9CCC80268F375D0034A4B2 /* PBXContainerItemProxy */ = {
			isa = PBXContainerItemProxy;
			containerPortal = 1D9CCC62268F375C0034A4B2 /* Project object */;
			proxyType = 1;
			remoteGlobalIDString = 1D9CCC69268F375C0034A4B2;
			remoteInfo = Pomo;
		};
		1D9CCC8B268F375D0034A4B2 /* PBXContainerItemProxy */ = {
			isa = PBXContainerItemProxy;
			containerPortal = 1D9CCC62268F375C0034A4B2 /* Project object */;
			proxyType = 1;
			remoteGlobalIDString = 1D9CCC69268F375C0034A4B2;
			remoteInfo = Pomo;
		};
/* End PBXContainerItemProxy section */

/* Begin PBXFileReference section */
		1D9CCC6A268F375C0034A4B2 /* Pomo.app */ = {isa = PBXFileReference; explicitFileType = wrapper.application; includeInIndex = 0; path = Pomo.app; sourceTree = BUILT_PRODUCTS_DIR; };
		1D9CCC6D268F375C0034A4B2 /* AppDelegate.swift */ = {isa = PBXFileReference; lastKnownFileType = sourcecode.swift; path = AppDelegate.swift; sourceTree = "<group>"; };
		1D9CCC6F268F375C0034A4B2 /* ViewController.swift */ = {isa = PBXFileReference; lastKnownFileType = sourcecode.swift; path = ViewController.swift; sourceTree = "<group>"; };
		1D9CCC72268F375C0034A4B2 /* Pomo.xcdatamodel */ = {isa = PBXFileReference; lastKnownFileType = wrapper.xcdatamodel; path = Pomo.xcdatamodel; sourceTree = "<group>"; };
		1D9CCC74268F375D0034A4B2 /* Assets.xcassets */ = {isa = PBXFileReference; lastKnownFileType = folder.assetcatalog; path = Assets.xcassets; sourceTree = "<group>"; };
		1D9CCC77268F375D0034A4B2 /* Base */ = {isa = PBXFileReference; lastKnownFileType = file.storyboard; name = Base; path = Base.lproj/Main.storyboard; sourceTree = "<group>"; };
		1D9CCC79268F375D0034A4B2 /* Info.plist */ = {isa = PBXFileReference; lastKnownFileType = text.plist.xml; path = Info.plist; sourceTree = "<group>"; };
		1D9CCC7A268F375D0034A4B2 /* Pomo.entitlements */ = {isa = PBXFileReference; lastKnownFileType = text.plist.entitlements; path = Pomo.entitlements; sourceTree = "<group>"; };
		1D9CCC7F268F375D0034A4B2 /* PomoTests.xctest */ = {isa = PBXFileReference; explicitFileType = wrapper.cfbundle; includeInIndex = 0; path = PomoTests.xctest; sourceTree = BUILT_PRODUCTS_DIR; };
		1D9CCC83268F375D0034A4B2 /* PomoTests.swift */ = {isa = PBXFileReference; lastKnownFileType = sourcecode.swift; path = PomoTests.swift; sourceTree = "<group>"; };
		1D9CCC85268F375D0034A4B2 /* Info.plist */ = {isa = PBXFileReference; lastKnownFileType = text.plist.xml; path = Info.plist; sourceTree = "<group>"; };
		1D9CCC8A268F375D0034A4B2 /* PomoUITests.xctest */ = {isa = PBXFileReference; explicitFileType = wrapper.cfbundle; includeInIndex = 0; path = PomoUITests.xctest; sourceTree = BUILT_PRODUCTS_DIR; };
		1D9CCC8E268F375D0034A4B2 /* PomoUITests.swift */ = {isa = PBXFileReference; lastKnownFileType = sourcecode.swift; path = PomoUITests.swift; sourceTree = "<group>"; };
		1D9CCC90268F375D0034A4B2 /* Info.plist */ = {isa = PBXFileReference; lastKnownFileType = text.plist.xml; path = Info.plist; sourceTree = "<group>"; };
/* End PBXFileReference section */

/* Begin PBXFrameworksBuildPhase section */
		1D9CCC67268F375C0034A4B2 /* Frameworks */ = {
			isa = PBXFrameworksBuildPhase;
			buildActionMask = 2147483647;
			files = (
			);
			runOnlyForDeploymentPostprocessing = 0;
		};
		1D9CCC7C268F375D0034A4B2 /* Frameworks */ = {
			isa = PBXFrameworksBuildPhase;
			buildActionMask = 2147483647;
			files = (
			);
			runOnlyForDeploymentPostprocessing = 0;
		};
		1D9CCC87268F375D0034A4B2 /* Frameworks */ = {
			isa = PBXFrameworksBuildPhase;
			buildActionMask = 2147483647;
			files = (
			);
			runOnlyForDeploymentPostprocessing = 0;
		};
/* End PBXFrameworksBuildPhase section */

/* Begin PBXGroup section */
		1D9CCC61268F375C0034A4B2 = {
			isa = PBXGroup;
			children = (
				1D9CCC6C268F375C0034A4B2 /* Pomo */,
				1D9CCC82268F375D0034A4B2 /* PomoTests */,
				1D9CCC8D268F375D0034A4B2 /* PomoUITests */,
				1D9CCC6B268F375C0034A4B2 /* Products */,
			);
			sourceTree = "<group>";
		};
		1D9CCC6B268F375C0034A4B2 /* Products */ = {
			isa = PBXGroup;
			children = (
				1D9CCC6A268F375C0034A4B2 /* Pomo.app */,
				1D9CCC7F268F375D0034A4B2 /* PomoTests.xctest */,
				1D9CCC8A268F375D0034A4B2 /* PomoUITests.xctest */,
			);
			name = Products;
			sourceTree = "<group>";
		};
		1D9CCC6C268F375C0034A4B2 /* Pomo */ = {
			isa = PBXGroup;
			children = (
				1D9CCC6D268F375C0034A4B2 /* AppDelegate.swift */,
				1D9CCC6F268F375C0034A4B2 /* ViewController.swift */,
				1D9CCC74268F375D0034A4B2 /* Assets.xcassets */,
				1D9CCC76268F375D0034A4B2 /* Main.storyboard */,
				1D9CCC79268F375D0034A4B2 /* Info.plist */,
				1D9CCC7A268F375D0034A4B2 /* Pomo.entitlements */,
				1D9CCC71268F375C0034A4B2 /* Pomo.xcdatamodeld */,
			);
			path = Pomo;
			sourceTree = "<group>";
		};
		1D9CCC82268F375D0034A4B2 /* PomoTests */ = {
			isa = PBXGroup;
			children = (
				1D9CCC83268F375D0034A4B2 /* PomoTests.swift */,
				1D9CCC85268F375D0034A4B2 /* Info.plist */,
			);
			path = PomoTests;
			sourceTree = "<group>";
		};
		1D9CCC8D268F375D0034A4B2 /* PomoUITests */ = {
			isa = PBXGroup;
			children = (
				1D9CCC8E268F375D0034A4B2 /* PomoUITests.swift */,
				1D9CCC90268F375D0034A4B2 /* Info.plist */,
			);
			path = PomoUITests;
			sourceTree = "<group>";
		};
/* End PBXGroup section */

/* Begin PBXNativeTarget section */
		1D9CCC69268F375C0034A4B2 /* Pomo */ = {
			isa = PBXNativeTarget;
			buildConfigurationList = 1D9CCC93268F375D0034A4B2 /* Build configuration list for PBXNativeTarget "Pomo" */;
			buildPhases = (
				1D9CCC66268F375C0034A4B2 /* Sources */,
				1D9CCC67268F375C0034A4B2 /* Frameworks */,
				1D9CCC68268F375C0034A4B2 /* Resources */,
			);
			buildRules = (
			);
			dependencies = (
			);
			name = Pomo;
			productName = Pomo;
			productReference = 1D9CCC6A268F375C0034A4B2 /* Pomo.app */;
			productType = "com.apple.product-type.application";
		};
		1D9CCC7E268F375D0034A4B2 /* PomoTests */ = {
			isa = PBXNativeTarget;
			buildConfigurationList = 1D9CCC96268F375D0034A4B2 /* Build configuration list for PBXNativeTarget "PomoTests" */;
			buildPhases = (
				1D9CCC7B268F375D0034A4B2 /* Sources */,
				1D9CCC7C268F375D0034A4B2 /* Frameworks */,
				1D9CCC7D268F375D0034A4B2 /* Resources */,
			);
			buildRules = (
			);
			dependencies = (
				1D9CCC81268F375D0034A4B2 /* PBXTargetDependency */,
			);
			name = PomoTests;
			productName = PomoTests;
			productReference = 1D9CCC7F268F375D0034A4B2 /* PomoTests.xctest */;
			productType = "com.apple.product-type.bundle.unit-test";
		};
		1D9CCC89268F375D0034A4B2 /* PomoUITests */ = {
			isa = PBXNativeTarget;
			buildConfigurationList = 1D9CCC99268F375D0034A4B2 /* Build configuration list for PBXNativeTarget "PomoUITests" */;
			buildPhases = (
				1D9CCC86268F375D0034A4B2 /* Sources */,
				1D9CCC87268F375D0034A4B2 /* Frameworks */,
				1D9CCC88268F375D0034A4B2 /* Resources */,
			);
			buildRules = (
			);
			dependencies = (
				1D9CCC8C268F375D0034A4B2 /* PBXTargetDependency */,
			);
			name = PomoUITests;
			productName = PomoUITests;
			productReference = 1D9CCC8A268F375D0034A4B2 /* PomoUITests.xctest */;
			productType = "com.apple.product-type.bundle.ui-testing";
		};
/* End PBXNativeTarget section */

/* Begin PBXProject section */
		1D9CCC62268F375C0034A4B2 /* Project object */ = {
			isa = PBXProject;
			attributes = {
				LastSwiftUpdateCheck = 1250;
				LastUpgradeCheck = 1250;
				TargetAttributes = {
					1D9CCC69268F375C0034A4B2 = {
						CreatedOnToolsVersion = 12.5.1;
					};
					1D9CCC7E268F375D0034A4B2 = {
						CreatedOnToolsVersion = 12.5.1;
						TestTargetID = 1D9CCC69268F375C0034A4B2;
					};
					1D9CCC89268F375D0034A4B2 = {
						CreatedOnToolsVersion = 12.5.1;
						TestTargetID = 1D9CCC69268F375C0034A4B2;
					};
				};
			};
			buildConfigurationList = 1D9CCC65268F375C0034A4B2 /* Build configuration list for PBXProject "Pomo" */;
			compatibilityVersion = "Xcode 9.3";
			developmentRegion = en;
			hasScannedForEncodings = 0;
			knownRegions = (
				en,
				Base,
			);
			mainGroup = 1D9CCC61268F375C0034A4B2;
			productRefGroup = 1D9CCC6B268F375C0034A4B2 /* Products */;
			projectDirPath = "";
			projectRoot = "";
			targets = (
				1D9CCC69268F375C0034A4B2 /* Pomo */,
				1D9CCC7E268F375D0034A4B2 /* PomoTests */,
				1D9CCC89268F375D0034A4B2 /* PomoUITests */,
			);
		};
/* End PBXProject section */

/* Begin PBXResourcesBuildPhase section */
		1D9CCC68268F375C0034A4B2 /* Resources */ = {
			isa = PBXResourcesBuildPhase;
			buildActionMask = 2147483647;
			files = (
				1D9CCC75268F375D0034A4B2 /* Assets.xcassets in Resources */,
				1D9CCC78268F375D0034A4B2 /* Main.storyboard in Resources */,
			);
			runOnlyForDeploymentPostprocessing = 0;
		};
		1D9CCC7D268F375D0034A4B2 /* Resources */ = {
			isa = PBXResourcesBuildPhase;
			buildActionMask = 2147483647;
			files = (
			);
			runOnlyForDeploymentPostprocessing = 0;
		};
		1D9CCC88268F375D0034A4B2 /* Resources */ = {
			isa = PBXResourcesBuildPhase;
			buildActionMask = 2147483647;
			files = (
			);
			runOnlyForDeploymentPostprocessing = 0;
		};
/* End PBXResourcesBuildPhase section */

/* Begin PBXSourcesBuildPhase section */
		1D9CCC66268F375C0034A4B2 /* Sources */ = {
			isa = PBXSourcesBuildPhase;
			buildActionMask = 2147483647;
			files = (
				1D9CCC70268F375C0034A4B2 /* ViewController.swift in Sources */,
				1D9CCC6E268F375C0034A4B2 /* AppDelegate.swift in Sources */,
				1D9CCC73268F375C0034A4B2 /* Pomo.xcdatamodeld in Sources */,
			);
			runOnlyForDeploymentPostprocessing = 0;
		};
		1D9CCC7B268F375D0034A4B2 /* Sources */ = {
			isa = PBXSourcesBuildPhase;
			buildActionMask = 2147483647;
			files = (
				1D9CCC84268F375D0034A4B2 /* PomoTests.swift in Sources */,
			);
			runOnlyForDeploymentPostprocessing = 0;
		};
		1D9CCC86268F375D0034A4B2 /* Sources */ = {
			isa = PBXSourcesBuildPhase;
			buildActionMask = 2147483647;
			files = (
				1D9CCC8F268F375D0034A4B2 /* PomoUITests.swift in Sources */,
			);
			runOnlyForDeploymentPostprocessing = 0;
		};
/* End PBXSourcesBuildPhase section */

/* Begin PBXTargetDependency section */
		1D9CCC81268F375D0034A4B2 /* PBXTargetDependency */ = {
			isa = PBXTargetDependency;
			target = 1D9CCC69268F375C0034A4B2 /* Pomo */;
			targetProxy = 1D9CCC80268F375D0034A4B2 /* PBXContainerItemProxy */;
		};
		1D9CCC8C268F375D0034A4B2 /* PBXTargetDependency */ = {
			isa = PBXTargetDependency;
			target = 1D9CCC69268F375C0034A4B2 /* Pomo */;
			targetProxy = 1D9CCC8B268F375D0034A4B2 /* PBXContainerItemProxy */;
		};
/* End PBXTargetDependency section */

/* Begin PBXVariantGroup section */
		1D9CCC76268F375D0034A4B2 /* Main.storyboard */ = {
			isa = PBXVariantGroup;
			children = (
				1D9CCC77268F375D0034A4B2 /* Base */,
			);
			name = Main.storyboard;
			sourceTree = "<group>";
		};
/* End PBXVariantGroup section */

/* Begin XCBuildConfiguration section */
		1D9CCC91268F375D0034A4B2 /* Debug */ = {
			isa = XCBuildConfiguration;
			buildSettings = {
				ALWAYS_SEARCH_USER_PATHS = NO;
				CLANG_ANALYZER_NONNULL = YES;
				CLANG_ANALYZER_NUMBER_OBJECT_CONVERSION = YES_AGGRESSIVE;
				CLANG_CXX_LANGUAGE_STANDARD = "gnu++14";
				CLANG_CXX_LIBRARY = "libc++";
				CLANG_ENABLE_MODULES = YES;
				CLANG_ENABLE_OBJC_ARC = YES;
				CLANG_ENABLE_OBJC_WEAK = YES;
				CLANG_WARN_BLOCK_CAPTURE_AUTORELEASING = YES;
				CLANG_WARN_BOOL_CONVERSION = YES;
				CLANG_WARN_COMMA = YES;
				CLANG_WARN_CONSTANT_CONVERSION = YES;
				CLANG_WARN_DEPRECATED_OBJC_IMPLEMENTATIONS = YES;
				CLANG_WARN_DIRECT_OBJC_ISA_USAGE = YES_ERROR;
				CLANG_WARN_DOCUMENTATION_COMMENTS = YES;
				CLANG_WARN_EMPTY_BODY = YES;
				CLANG_WARN_ENUM_CONVERSION = YES;
				CLANG_WARN_INFINITE_RECURSION = YES;
				CLANG_WARN_INT_CONVERSION = YES;
				CLANG_WARN_NON_LITERAL_NULL_CONVERSION = YES;
				CLANG_WARN_OBJC_IMPLICIT_RETAIN_SELF = YES;
				CLANG_WARN_OBJC_LITERAL_CONVERSION = YES;
				CLANG_WARN_OBJC_ROOT_CLASS = YES_ERROR;
				CLANG_WARN_QUOTED_INCLUDE_IN_FRAMEWORK_HEADER = YES;
				CLANG_WARN_RANGE_LOOP_ANALYSIS = YES;
				CLANG_WARN_STRICT_PROTOTYPES = YES;
				CLANG_WARN_SUSPICIOUS_MOVE = YES;
				CLANG_WARN_UNGUARDED_AVAILABILITY = YES_AGGRESSIVE;
				CLANG_WARN_UNREACHABLE_CODE = YES;
				CLANG_WARN__DUPLICATE_METHOD_MATCH = YES;
				COPY_PHASE_STRIP = NO;
				DEBUG_INFORMATION_FORMAT = dwarf;
				ENABLE_STRICT_OBJC_MSGSEND = YES;
				ENABLE_TESTABILITY = YES;
				GCC_C_LANGUAGE_STANDARD = gnu11;
				GCC_DYNAMIC_NO_PIC = NO;
				GCC_NO_COMMON_BLOCKS = YES;
				GCC_OPTIMIZATION_LEVEL = 0;
				GCC_PREPROCESSOR_DEFINITIONS = (
					"DEBUG=1",
					"$(inherited)",
				);
				GCC_WARN_64_TO_32_BIT_CONVERSION = YES;
				GCC_WARN_ABOUT_RETURN_TYPE = YES_ERROR;
				GCC_WARN_UNDECLARED_SELECTOR = YES;
				GCC_WARN_UNINITIALIZED_AUTOS = YES_AGGRESSIVE;
				GCC_WARN_UNUSED_FUNCTION = YES;
				GCC_WARN_UNUSED_VARIABLE = YES;
				MACOSX_DEPLOYMENT_TARGET = 11.3;
				MTL_ENABLE_DEBUG_INFO = INCLUDE_SOURCE;
				MTL_FAST_MATH = YES;
				ONLY_ACTIVE_ARCH = YES;
				SDKROOT = macosx;
				SWIFT_ACTIVE_COMPILATION_CONDITIONS = DEBUG;
				SWIFT_OPTIMIZATION_LEVEL = "-Onone";
			};
			name = Debug;
		};
		1D9CCC92268F375D0034A4B2 /* Release */ = {
			isa = XCBuildConfiguration;
			buildSettings = {
				ALWAYS_SEARCH_USER_PATHS = NO;
				CLANG_ANALYZER_NONNULL = YES;
				CLANG_ANALYZER_NUMBER_OBJECT_CONVERSION = YES_AGGRESSIVE;
				CLANG_CXX_LANGUAGE_STANDARD = "gnu++14";
				CLANG_CXX_LIBRARY = "libc++";
				CLANG_ENABLE_MODULES = YES;
				CLANG_ENABLE_OBJC_ARC = YES;
				CLANG_ENABLE_OBJC_WEAK = YES;
				CLANG_WARN_BLOCK_CAPTURE_AUTORELEASING = YES;
				CLANG_WARN_BOOL_CONVERSION = YES;
				CLANG_WARN_COMMA = YES;
				CLANG_WARN_CONSTANT_CONVERSION = YES;
				CLANG_WARN_DEPRECATED_OBJC_IMPLEMENTATIONS = YES;
				CLANG_WARN_DIRECT_OBJC_ISA_USAGE = YES_ERROR;
				CLANG_WARN_DOCUMENTATION_COMMENTS = YES;
				CLANG_WARN_EMPTY_BODY = YES;
				CLANG_WARN_ENUM_CONVERSION = YES;
				CLANG_WARN_INFINITE_RECURSION = YES;
				CLANG_WARN_INT_CONVERSION = YES;
				CLANG_WARN_NON_LITERAL_NULL_CONVERSION = YES;
				CLANG_WARN_OBJC_IMPLICIT_RETAIN_SELF = YES;
				CLANG_WARN_OBJC_LITERAL_CONVERSION = YES;
				CLANG_WARN_OBJC_ROOT_CLASS = YES_ERROR;
				CLANG_WARN_QUOTED_INCLUDE_IN_FRAMEWORK_HEADER = YES;
				CLANG_WARN_RANGE_LOOP_ANALYSIS = YES;
				CLANG_WARN_STRICT_PROTOTYPES = YES;
				CLANG_WARN_SUSPICIOUS_MOVE = YES;
				CLANG_WARN_UNGUARDED_AVAILABILITY = YES_AGGRESSIVE;
				CLANG_WARN_UNREACHABLE_CODE = YES;
				CLANG_WARN__DUPLICATE_METHOD_MATCH = YES;
				COPY_PHASE_STRIP = NO;
				DEBUG_INFORMATION_FORMAT = "dwarf-with-dsym";
				ENABLE_NS_ASSERTIONS = NO;
				ENABLE_STRICT_OBJC_MSGSEND = YES;
				GCC_C_LANGUAGE_STANDARD = gnu11;
				GCC_NO_COMMON_BLOCKS = YES;
				GCC_WARN_64_TO_32_BIT_CONVERSION = YES;
				GCC_WARN_ABOUT_RETURN_TYPE = YES_ERROR;
				GCC_WARN_UNDECLARED_SELECTOR = YES;
				GCC_WARN_UNINITIALIZED_AUTOS = YES_AGGRESSIVE;
				GCC_WARN_UNUSED_FUNCTION = YES;
				GCC_WARN_UNUSED_VARIABLE = YES;
				MACOSX_DEPLOYMENT_TARGET = 11.3;
				MTL_ENABLE_DEBUG_INFO = NO;
				MTL_FAST_MATH = YES;
				SDKROOT = macosx;
				SWIFT_COMPILATION_MODE = wholemodule;
				SWIFT_OPTIMIZATION_LEVEL = "-O";
			};
			name = Release;
		};
		1D9CCC94268F375D0034A4B2 /* Debug */ = {
			isa = XCBuildConfiguration;
			buildSettings = {
				ASSETCATALOG_COMPILER_APPICON_NAME = AppIcon;
				ASSETCATALOG_COMPILER_GLOBAL_ACCENT_COLOR_NAME = AccentColor;
				CODE_SIGN_ENTITLEMENTS = Pomo/Pomo.entitlements;
				CODE_SIGN_STYLE = Automatic;
				COMBINE_HIDPI_IMAGES = YES;
				INFOPLIST_FILE = Pomo/Info.plist;
				LD_RUNPATH_SEARCH_PATHS = (
					"$(inherited)",
					"@executable_path/../Frameworks",
				);
				PRODUCT_BUNDLE_IDENTIFIER = ca.jgonzalez.Pomo;
				PRODUCT_NAME = "$(TARGET_NAME)";
				SWIFT_VERSION = 5.0;
			};
			name = Debug;
		};
		1D9CCC95268F375D0034A4B2 /* Release */ = {
			isa = XCBuildConfiguration;
			buildSettings = {
				ASSETCATALOG_COMPILER_APPICON_NAME = AppIcon;
				ASSETCATALOG_COMPILER_GLOBAL_ACCENT_COLOR_NAME = AccentColor;
				CODE_SIGN_ENTITLEMENTS = Pomo/Pomo.entitlements;
				CODE_SIGN_STYLE = Automatic;
				COMBINE_HIDPI_IMAGES = YES;
				INFOPLIST_FILE = Pomo/Info.plist;
				LD_RUNPATH_SEARCH_PATHS = (
					"$(inherited)",
					"@executable_path/../Frameworks",
				);
				PRODUCT_BUNDLE_IDENTIFIER = ca.jgonzalez.Pomo;
				PRODUCT_NAME = "$(TARGET_NAME)";
				SWIFT_VERSION = 5.0;
			};
			name = Release;
		};
		1D9CCC97268F375D0034A4B2 /* Debug */ = {
			isa = XCBuildConfiguration;
			buildSettings = {
				ALWAYS_EMBED_SWIFT_STANDARD_LIBRARIES = YES;
				BUNDLE_LOADER = "$(TEST_HOST)";
				CODE_SIGN_STYLE = Automatic;
				COMBINE_HIDPI_IMAGES = YES;
				INFOPLIST_FILE = PomoTests/Info.plist;
				LD_RUNPATH_SEARCH_PATHS = (
					"$(inherited)",
					"@executable_path/../Frameworks",
					"@loader_path/../Frameworks",
				);
				MACOSX_DEPLOYMENT_TARGET = 11.3;
				PRODUCT_BUNDLE_IDENTIFIER = ca.jgonzalez.PomoTests;
				PRODUCT_NAME = "$(TARGET_NAME)";
				SWIFT_VERSION = 5.0;
				TEST_HOST = "$(BUILT_PRODUCTS_DIR)/Pomo.app/Contents/MacOS/Pomo";
			};
			name = Debug;
		};
		1D9CCC98268F375D0034A4B2 /* Release */ = {
			isa = XCBuildConfiguration;
			buildSettings = {
				ALWAYS_EMBED_SWIFT_STANDARD_LIBRARIES = YES;
				BUNDLE_LOADER = "$(TEST_HOST)";
				CODE_SIGN_STYLE = Automatic;
				COMBINE_HIDPI_IMAGES = YES;
				INFOPLIST_FILE = PomoTests/Info.plist;
				LD_RUNPATH_SEARCH_PATHS = (
					"$(inherited)",
					"@executable_path/../Frameworks",
					"@loader_path/../Frameworks",
				);
				MACOSX_DEPLOYMENT_TARGET = 11.3;
				PRODUCT_BUNDLE_IDENTIFIER = ca.jgonzalez.PomoTests;
				PRODUCT_NAME = "$(TARGET_NAME)";
				SWIFT_VERSION = 5.0;
				TEST_HOST = "$(BUILT_PRODUCTS_DIR)/Pomo.app/Contents/MacOS/Pomo";
			};
			name = Release;
		};
		1D9CCC9A268F375D0034A4B2 /* Debug */ = {
			isa = XCBuildConfiguration;
			buildSettings = {
				ALWAYS_EMBED_SWIFT_STANDARD_LIBRARIES = YES;
				CODE_SIGN_STYLE = Automatic;
				COMBINE_HIDPI_IMAGES = YES;
				INFOPLIST_FILE = PomoUITests/Info.plist;
				LD_RUNPATH_SEARCH_PATHS = (
					"$(inherited)",
					"@executable_path/../Frameworks",
					"@loader_path/../Frameworks",
				);
				PRODUCT_BUNDLE_IDENTIFIER = ca.jgonzalez.PomoUITests;
				PRODUCT_NAME = "$(TARGET_NAME)";
				SWIFT_VERSION = 5.0;
				TEST_TARGET_NAME = Pomo;
			};
			name = Debug;
		};
		1D9CCC9B268F375D0034A4B2 /* Release */ = {
			isa = XCBuildConfiguration;
			buildSettings = {
				ALWAYS_EMBED_SWIFT_STANDARD_LIBRARIES = YES;
				CODE_SIGN_STYLE = Automatic;
				COMBINE_HIDPI_IMAGES = YES;
				INFOPLIST_FILE = PomoUITests/Info.plist;
				LD_RUNPATH_SEARCH_PATHS = (
					"$(inherited)",
					"@executable_path/../Frameworks",
					"@loader_path/../Frameworks",
				);
				PRODUCT_BUNDLE_IDENTIFIER = ca.jgonzalez.PomoUITests;
				PRODUCT_NAME = "$(TARGET_NAME)";
				SWIFT_VERSION = 5.0;
				TEST_TARGET_NAME = Pomo;
			};
			name = Release;
		};
/* End XCBuildConfiguration section */

/* Begin XCConfigurationList section */
		1D9CCC65268F375C0034A4B2 /* Build configuration list for PBXProject "Pomo" */ = {
			isa = XCConfigurationList;
			buildConfigurations = (
				1D9CCC91268F375D0034A4B2 /* Debug */,
				1D9CCC92268F375D0034A4B2 /* Release */,
			);
			defaultConfigurationIsVisible = 0;
			defaultConfigurationName = Release;
		};
		1D9CCC93268F375D0034A4B2 /* Build configuration list for PBXNativeTarget "Pomo" */ = {
			isa = XCConfigurationList;
			buildConfigurations = (
				1D9CCC94268F375D0034A4B2 /* Debug */,
				1D9CCC95268F375D0034A4B2 /* Release */,
			);
			defaultConfigurationIsVisible = 0;
			defaultConfigurationName = Release;
		};
		1D9CCC96268F375D0034A4B2 /* Build configuration list for PBXNativeTarget "PomoTests" */ = {
			isa = XCConfigurationList;
			buildConfigurations = (
				1D9CCC97268F375D0034A4B2 /* Debug */,
				1D9CCC98268F375D0034A4B2 /* Release */,
			);
			defaultConfigurationIsVisible = 0;
			defaultConfigurationName = Release;
		};
		1D9CCC99268F375D0034A4B2 /* Build configuration list for PBXNativeTarget "PomoUITests" */ = {
			isa = XCConfigurationList;
			buildConfigurations = (
				1D9CCC9A268F375D0034A4B2 /* Debug */,
				1D9CCC9B268F375D0034A4B2 /* Release */,
			);
			defaultConfigurationIsVisible = 0;
			defaultConfigurationName = Release;
		};
/* End XCConfigurationList section */

/* Begin XCVersionGroup section */
		1D9CCC71268F375C0034A4B2 /* Pomo.xcdatamodeld */ = {
			isa = XCVersionGroup;
			children = (
				1D9CCC72268F375C0034A4B2 /* Pomo.xcdatamodel */,
			);
			currentVersion = 1D9CCC72268F375C0034A4B2 /* Pomo.xcdatamodel */;
			path = Pomo.xcdatamodeld;
			sourceTree = "<group>";
			versionGroupType = wrapper.xcdatamodel;
		};
/* End XCVersionGroup section */
	};
	rootObject = 1D9CCC62268F375C0034A4B2 /* Project object */;
}
